lockfileVersion: '9.0'

settings:
  autoInstallPeers: true
  excludeLinksFromLockfile: false

importers:
  .:
    devDependencies:
      prettier:
        specifier: ^3.5.2
        version: 3.5.2

  boot: {}

  core: {}

  plugins/cache:
    dependencies:
      '@arxhub/core':
        specifier: workspace:*
        version: link:../../core

  plugins/entrypoint:
    dependencies:
      '@arxhub/core':
        specifier: workspace:*
        version: link:../../core

  plugins/serve:
    dependencies:
      '@arxhub/core':
        specifier: workspace:*
        version: link:../../core

  plugins/server:
    dependencies:
      '@arxhub/core':
        specifier: workspace:*
        version: link:../../core

  plugins/ui:
    dependencies:
      '@arxhub/core':
        specifier: workspace:*
        version: link:../../core

  plugins/vfs:
    dependencies:
      '@arxhub/core':
        specifier: workspace:*
        version: link:../../core

packages:
  prettier@3.5.2:
    resolution:
      { integrity: sha512-lc6npv5PH7hVqozBR7lkBNOGXV9vMwROAPlumdBkX0wTbbzPu/U1hk5yL8p2pt4Xoc+2mkT8t/sow2YrV/M5qg== }
    engines: { node: '>=14' }
    hasBin: true

snapshots:
  prettier@3.5.2: {}
